# Exact linux/amd64 manifests consumed by the pinned single-host engine.
# Keep tag names for operator readability, but the digest is authoritative.
architecture=linux/amd64
BREZEL_ENGINE_POSTGRES_IMAGE=postgres:18.6-alpine@sha256:63bdc97d67b5133bf0e5ebd500bec6d046fa851dc81340d838f0347e616107e8
BREZEL_ENGINE_REDIS_IMAGE=redis:7.4.6@sha256:6a11fed904cf317684ebb75bfe987d4f777c605d6f4e98d1bf3066db6c58f0c1
BREZEL_ENGINE_CLICKHOUSE_IMAGE=clickhouse/clickhouse-server:25.8.30.16@sha256:8871a033082990296d3ae3fb0ea9f8ce56bba9d526236bfbb65ded92e8c6b24e
BREZEL_ENGINE_VECTOR_IMAGE=timberio/vector:0.51.1-alpine@sha256:e63f87843d1ff0e5ad5e23e8a7c94527373e74b6827b54e701c03a9dd93b9374
E2B_DB_MIGRATOR_IMAGE=us-docker.pkg.dev/e2b-artifacts/api/db-migrator:v0.14.1@sha256:08fe943fd1d1bd13c8e62c07e687cbd418871e94e83bb14baa6fbb6417ca88f2
E2B_CLIENT_PROXY_IMAGE=us-docker.pkg.dev/e2b-artifacts/client-proxy/client-proxy:v0.2.1@sha256:aae0e3dd7141e910f18b7726e73a766c3f2ad3a65cdf11f9f36cc987ae81dc9a
E2B_CLICKHOUSE_MIGRATOR_IMAGE=us-docker.pkg.dev/e2b-artifacts/clickhouse-migrator/clickhouse-migrator:v0.4.0@sha256:e72200263dc07ddeef4fde5993787e9bf6c040da22a81a9cbd986e0e9e58aa81
E2B_TOOLS_IMAGE=us-docker.pkg.dev/e2b-artifacts/embed/tools:v0.3.202609110002-08f7323aaa9@sha256:6abd2850c6e33b1a69099ab893db39c75c4a466849ec763b91e3b3786c5900f4
E2B_NODE_E2B_IMAGE=us-docker.pkg.dev/e2b-artifacts/embed/node-e2b:v0.3.202609110002-08f7323aaa9@sha256:2fd4f32d588e527f63cfbce3a490ebc0f67fa8d535a0613ca63e6f9699d8e826
E2B_SEED_IMAGE=us-docker.pkg.dev/e2b-artifacts/embed/seed:v0.3.202609110002-08f7323aaa9@sha256:230bf6ff1e1ae07716eecf586ae45a1d10bd9a448f70a1c9641b490b0b38feb9
