repository=https://github.com/e2b-dev/runtime.git
commit=767ceb4b2ec0e598f512767c8da9e5e6618da368
license=Apache-2.0
distribution=embed/compose
api_patch_sha256=9da0ada53748fd206893184b5cd2d6a0f4a548f96f3e475975e9f11f882bc533
api_build_patch_sha256=ee1a0085fd51b0014927fddfcd5ca41bb67979417511769ac2602184a47ed8ec
compose_sha256=282d8400087dd1daf73de86c9e3153103948c8da965645ff5226984d4832d5e6
compose_env_sha256=655f5830eb8eebf0602f9270cc243a93a9b791356a923b1bf95faabd4666f638
fetch_artifacts_sha256=73a51dc636fb5e2753509efca386aeb333afa95546a04c48dafdb322d7d2d54d
image_lock_sha256=a9d803d5ee81ff1a09e7fccf7488a975249bdd5da867a6f21a8fb4aa19ff7dcd
artifact_lock_sha256=991b5e2449a724710094786b18cad4346f5e34b11942aec20eedcc0ed41d3d5d
