repository=https://github.com/e2b-dev/runtime.git
commit=767ceb4b2ec0e598f512767c8da9e5e6618da368
license=Apache-2.0
distribution=embed/compose
api_patch_sha256=9da0ada53748fd206893184b5cd2d6a0f4a548f96f3e475975e9f11f882bc533
api_build_patch_sha256=ee1a0085fd51b0014927fddfcd5ca41bb67979417511769ac2602184a47ed8ec
orchestrator_lifecycle_patch_sha256=9b5f151332f162fd51a8f3186bc7260d7a6193fea712ccdd8f0b34dcb9dfefd4
orchestrator_cache_patch_sha256=357e87baa7d74a821c887a52e5ff77fcc33b26bf3bf3ab4a759358765d88d97f
orchestrator_nfs_durability_patch_sha256=544e18a635ffc72cbae7ee154dc39e296067fb0eb62906ca47eb51dcef68d9c6
engine_start_admission_patch_sha256=4de2ff94090efe2a4a6e94587f0725b99091ba36ac12109c05245d65849dfc4d
engine_local_capacity_patch_sha256=8a53318b1ded02aab111e76aa66d607e8237b85b15e2010fe75290cdd4d44a60
orchestrator_cpu_topology_patch_sha256=673389b27735da37558dc910b34a2dcd6d694f7d70e82313068b490039e357ad
orchestrator_rootfs_read_patch_sha256=44fdcf1ecb0627c122b6d59ca738d1bfc560dfcc25e8d752017aac589e54ab4f
orchestrator_nbd_multiqueue_patch_sha256=a414ff63ae568c2888bc72b3c5acac7669b484f7ca50c2bedaeec6ae681af445
orchestrator_cpuset_qualification_patch_sha256=543bc78a831ce69df2eaf390aa1b5285b03d0d1825094a56f95058a92e3044be
orchestrator_ext4_dir_index_patch_sha256=baa7f05441514cf8d7cf452535fb5d896aaeb88b370f531d385b56be1a3784b4
base_template_identity_patch_sha256=64a710cb8369101dc2c14198890fa0da19a0b27c37e0b3823705a9538c84082f
orchestrator_direct_rootfs_patch_sha256=e4c5c2860bcbff224b1852e70187dfddecc749ee1bfe30a0c5a39c10c337b0f5
orchestrator_resume_cleanup_patch_sha256=f8a4c07a45cf8e12d12fd12a0b9e6c5f001e56dd041f80d0e0106b613ad7907b
orchestrator_nbd_provider_scope_patch_sha256=d05c13f27e3781066b76a0d7356e3a44c3be11e2c921d8414d422b24ae2d146e
orchestrator_rootfs_mount_boundary_patch_sha256=604ff8cfdfdd34bacda6a7e62fbba92956e14ce22048e2629f9778af90e88e03
envd_process_tag_patch_sha256=ba6eeb86750fa720f96d4e3638f49d0f47baa0b4852d43f027008f44ea4d23ef
envd_process_replay_patch_sha256=7540755bcb622d094ed8627320a98486317cbc2116a4cad0a5f3e5f479bafdaf
compose_sha256=282d8400087dd1daf73de86c9e3153103948c8da965645ff5226984d4832d5e6
compose_env_sha256=655f5830eb8eebf0602f9270cc243a93a9b791356a923b1bf95faabd4666f638
fetch_artifacts_sha256=73a51dc636fb5e2753509efca386aeb333afa95546a04c48dafdb322d7d2d54d
image_lock_sha256=80c878d918d4cb878ecfcf6d1fd9020b350e6563220103e40e2c0dc0bdeea4e5
artifact_lock_sha256=991b5e2449a724710094786b18cad4346f5e34b11942aec20eedcc0ed41d3d5d
